
Microsoft Visual Studio Solution File, Format Version 12.00
# Visual Studio 15
VisualStudioVersion = 15.0.28307.645
MinimumVisualStudioVersion = 10.0.40219.1
Project("{FAE04EC0-301F-11D3-BF4B-00C04F79EFBC}") = "ComboBox", "ComboBox\ComboBox.csproj", "{DE2C0690-81E3-4F42-9BC9-14D8E6E3EE9D}"
EndProject
Global
	GlobalSection(SolutionConfigurationPlatforms) = preSolution
		Debug|Any CPU = Debug|Any CPU
		Release|Any CPU = Release|Any CPU
	EndGlobalSection
	GlobalSection(ProjectConfigurationPlatforms) = postSolution
		{DE2C0690-81E3-4F42-9BC9-14D8E6E3EE9D}.Debug|Any CPU.ActiveCfg = Debug|Any CPU
		{DE2C0690-81E3-4F42-9BC9-14D8E6E3EE9D}.Debug|Any CPU.Build.0 = Debug|Any CPU
		{DE2C0690-81E3-4F42-9BC9-14D8E6E3EE9D}.Release|Any CPU.ActiveCfg = Release|Any CPU
		{DE2C0690-81E3-4F42-9BC9-14D8E6E3EE9D}.Release|Any CPU.Build.0 = Release|Any CPU
	EndGlobalSection
	GlobalSection(SolutionProperties) = preSolution
		HideSolutionNode = FALSE
	EndGlobalSection
	GlobalSection(ExtensibilityGlobals) = postSolution
		SolutionGuid = {E7258AE6-A68D-46B8-8599-D5A6C22066C8}
	EndGlobalSection
EndGlobal
