
Microsoft Visual Studio Solution File, Format Version 12.00
# Visual Studio 15
VisualStudioVersion = 15.0.28307.645
MinimumVisualStudioVersion = 10.0.40219.1
Project("{FAE04EC0-301F-11D3-BF4B-00C04F79EFBC}") = "FenetreBleuRouge", "FenetreBleuRouge\FenetreBleuRouge.csproj", "{F9E6FE10-EDDD-4689-81EB-87359B5D6F57}"
EndProject
Global
	GlobalSection(SolutionConfigurationPlatforms) = preSolution
		Debug|Any CPU = Debug|Any CPU
		Release|Any CPU = Release|Any CPU
	EndGlobalSection
	GlobalSection(ProjectConfigurationPlatforms) = postSolution
		{F9E6FE10-EDDD-4689-81EB-87359B5D6F57}.Debug|Any CPU.ActiveCfg = Debug|Any CPU
		{F9E6FE10-EDDD-4689-81EB-87359B5D6F57}.Debug|Any CPU.Build.0 = Debug|Any CPU
		{F9E6FE10-EDDD-4689-81EB-87359B5D6F57}.Release|Any CPU.ActiveCfg = Release|Any CPU
		{F9E6FE10-EDDD-4689-81EB-87359B5D6F57}.Release|Any CPU.Build.0 = Release|Any CPU
	EndGlobalSection
	GlobalSection(SolutionProperties) = preSolution
		HideSolutionNode = FALSE
	EndGlobalSection
	GlobalSection(ExtensibilityGlobals) = postSolution
		SolutionGuid = {4BA0264A-EDFD-4BDF-9EC9-F304709B68E2}
	EndGlobalSection
EndGlobal
